
Microsoft Visual Studio Solution File, Format Version 12.00
# Visual Studio Version 16
VisualStudioVersion = 16.0.29709.97
MinimumVisualStudioVersion = 10.0.40219.1
Project("{FAE04EC0-301F-11D3-BF4B-00C04F79EFBC}") = "Santa's Present Factory", "Santa's Present Factory\Santa's Present Factory.csproj", "{6CCF58CD-AF70-4FD9-8372-845F8ED2045A}"
EndProject
Project("{FAE04EC0-301F-11D3-BF4B-00C04F79EFBC}") = "Present Delivery", "Present Delivery\Present Delivery.csproj", "{6F595071-2DD0-4C92-9004-21264E7A4FFD}"
EndProject
Project("{9A19103F-16F7-4668-BE54-9A1E7A4F7556}") = "Christmas", "Christmas\Christmas.csproj", "{1244C693-34E7-4775-8AF2-8040C144BB30}"
EndProject
Global
	GlobalSection(SolutionConfigurationPlatforms) = preSolution
		Debug|Any CPU = Debug|Any CPU
		Release|Any CPU = Release|Any CPU
	EndGlobalSection
	GlobalSection(ProjectConfigurationPlatforms) = postSolution
		{6CCF58CD-AF70-4FD9-8372-845F8ED2045A}.Debug|Any CPU.ActiveCfg = Debug|Any CPU
		{6CCF58CD-AF70-4FD9-8372-845F8ED2045A}.Debug|Any CPU.Build.0 = Debug|Any CPU
		{6CCF58CD-AF70-4FD9-8372-845F8ED2045A}.Release|Any CPU.ActiveCfg = Release|Any CPU
		{6CCF58CD-AF70-4FD9-8372-845F8ED2045A}.Release|Any CPU.Build.0 = Release|Any CPU
		{6F595071-2DD0-4C92-9004-21264E7A4FFD}.Debug|Any CPU.ActiveCfg = Debug|Any CPU
		{6F595071-2DD0-4C92-9004-21264E7A4FFD}.Debug|Any CPU.Build.0 = Debug|Any CPU
		{6F595071-2DD0-4C92-9004-21264E7A4FFD}.Release|Any CPU.ActiveCfg = Release|Any CPU
		{6F595071-2DD0-4C92-9004-21264E7A4FFD}.Release|Any CPU.Build.0 = Release|Any CPU
		{1244C693-34E7-4775-8AF2-8040C144BB30}.Debug|Any CPU.ActiveCfg = Debug|Any CPU
		{1244C693-34E7-4775-8AF2-8040C144BB30}.Debug|Any CPU.Build.0 = Debug|Any CPU
		{1244C693-34E7-4775-8AF2-8040C144BB30}.Release|Any CPU.ActiveCfg = Release|Any CPU
		{1244C693-34E7-4775-8AF2-8040C144BB30}.Release|Any CPU.Build.0 = Release|Any CPU
	EndGlobalSection
	GlobalSection(SolutionProperties) = preSolution
		HideSolutionNode = FALSE
	EndGlobalSection
	GlobalSection(ExtensibilityGlobals) = postSolution
		SolutionGuid = {DC43C0A4-4ECD-4A5F-8FE5-EE0D156CD9C7}
	EndGlobalSection
EndGlobal
