
Microsoft Visual Studio Solution File, Format Version 12.00
# Visual Studio Version 16
VisualStudioVersion = 16.0.29709.97
MinimumVisualStudioVersion = 10.0.40219.1
Project("{FAE04EC0-301F-11D3-BF4B-00C04F79EFBC}") = "Heroes", "Heroes\Heroes.csproj", "{7B95BEED-BC42-42D1-A69D-44B886163F89}"
EndProject
Project("{FAE04EC0-301F-11D3-BF4B-00C04F79EFBC}") = "Tron Racers", "Tron Racers\Tron Racers.csproj", "{809F364D-36D8-45AF-8DCF-8B4A13EB2596}"
EndProject
Project("{FAE04EC0-301F-11D3-BF4B-00C04F79EFBC}") = "Club Party", "Club Party\Club Party.csproj", "{F8017BCF-E851-4E0B-99E0-4A68EF2F039D}"
EndProject
Global
	GlobalSection(SolutionConfigurationPlatforms) = preSolution
		Debug|Any CPU = Debug|Any CPU
		Release|Any CPU = Release|Any CPU
	EndGlobalSection
	GlobalSection(ProjectConfigurationPlatforms) = postSolution
		{7B95BEED-BC42-42D1-A69D-44B886163F89}.Debug|Any CPU.ActiveCfg = Debug|Any CPU
		{7B95BEED-BC42-42D1-A69D-44B886163F89}.Debug|Any CPU.Build.0 = Debug|Any CPU
		{7B95BEED-BC42-42D1-A69D-44B886163F89}.Release|Any CPU.ActiveCfg = Release|Any CPU
		{7B95BEED-BC42-42D1-A69D-44B886163F89}.Release|Any CPU.Build.0 = Release|Any CPU
		{809F364D-36D8-45AF-8DCF-8B4A13EB2596}.Debug|Any CPU.ActiveCfg = Debug|Any CPU
		{809F364D-36D8-45AF-8DCF-8B4A13EB2596}.Debug|Any CPU.Build.0 = Debug|Any CPU
		{809F364D-36D8-45AF-8DCF-8B4A13EB2596}.Release|Any CPU.ActiveCfg = Release|Any CPU
		{809F364D-36D8-45AF-8DCF-8B4A13EB2596}.Release|Any CPU.Build.0 = Release|Any CPU
		{F8017BCF-E851-4E0B-99E0-4A68EF2F039D}.Debug|Any CPU.ActiveCfg = Debug|Any CPU
		{F8017BCF-E851-4E0B-99E0-4A68EF2F039D}.Debug|Any CPU.Build.0 = Debug|Any CPU
		{F8017BCF-E851-4E0B-99E0-4A68EF2F039D}.Release|Any CPU.ActiveCfg = Release|Any CPU
		{F8017BCF-E851-4E0B-99E0-4A68EF2F039D}.Release|Any CPU.Build.0 = Release|Any CPU
	EndGlobalSection
	GlobalSection(SolutionProperties) = preSolution
		HideSolutionNode = FALSE
	EndGlobalSection
	GlobalSection(ExtensibilityGlobals) = postSolution
		SolutionGuid = {E506C156-D063-4281-B659-27694BD95C54}
	EndGlobalSection
EndGlobal
