
Microsoft Visual Studio Solution File, Format Version 12.00
# Visual Studio Version 16
VisualStudioVersion = 16.0.29709.97
MinimumVisualStudioVersion = 10.0.40219.1
Project("{FAE04EC0-301F-11D3-BF4B-00C04F79EFBC}") = "Flower Wreaths", "Flower Wreaths\Flower Wreaths.csproj", "{9013269F-74BD-47AF-AC40-0BB782EFACA1}"
EndProject
Project("{FAE04EC0-301F-11D3-BF4B-00C04F79EFBC}") = "Bee", "Bee\Bee.csproj", "{57169BB9-554F-469B-BCBA-71A869E86B72}"
EndProject
Project("{9A19103F-16F7-4668-BE54-9A1E7A4F7556}") = "VetClinic", "VetClinic\VetClinic.csproj", "{A5424E87-FFC6-4508-9FFF-B1B21B2CC100}"
EndProject
Global
	GlobalSection(SolutionConfigurationPlatforms) = preSolution
		Debug|Any CPU = Debug|Any CPU
		Release|Any CPU = Release|Any CPU
	EndGlobalSection
	GlobalSection(ProjectConfigurationPlatforms) = postSolution
		{9013269F-74BD-47AF-AC40-0BB782EFACA1}.Debug|Any CPU.ActiveCfg = Debug|Any CPU
		{9013269F-74BD-47AF-AC40-0BB782EFACA1}.Debug|Any CPU.Build.0 = Debug|Any CPU
		{9013269F-74BD-47AF-AC40-0BB782EFACA1}.Release|Any CPU.ActiveCfg = Release|Any CPU
		{9013269F-74BD-47AF-AC40-0BB782EFACA1}.Release|Any CPU.Build.0 = Release|Any CPU
		{57169BB9-554F-469B-BCBA-71A869E86B72}.Debug|Any CPU.ActiveCfg = Debug|Any CPU
		{57169BB9-554F-469B-BCBA-71A869E86B72}.Debug|Any CPU.Build.0 = Debug|Any CPU
		{57169BB9-554F-469B-BCBA-71A869E86B72}.Release|Any CPU.ActiveCfg = Release|Any CPU
		{57169BB9-554F-469B-BCBA-71A869E86B72}.Release|Any CPU.Build.0 = Release|Any CPU
		{A5424E87-FFC6-4508-9FFF-B1B21B2CC100}.Debug|Any CPU.ActiveCfg = Debug|Any CPU
		{A5424E87-FFC6-4508-9FFF-B1B21B2CC100}.Debug|Any CPU.Build.0 = Debug|Any CPU
		{A5424E87-FFC6-4508-9FFF-B1B21B2CC100}.Release|Any CPU.ActiveCfg = Release|Any CPU
		{A5424E87-FFC6-4508-9FFF-B1B21B2CC100}.Release|Any CPU.Build.0 = Release|Any CPU
	EndGlobalSection
	GlobalSection(SolutionProperties) = preSolution
		HideSolutionNode = FALSE
	EndGlobalSection
	GlobalSection(ExtensibilityGlobals) = postSolution
		SolutionGuid = {34E02DE2-CABB-4DC6-8DE2-663CD6E16509}
	EndGlobalSection
EndGlobal
